PATH
  remote: ../../beeps
  specs:
    beeps (0.3.13)
      rucy (~> 0.3.13)
      xot (~> 0.3.13)

PATH
  remote: ../../processing
  specs:
    processing (1.2.0)
      rays (~> 0.3.13)
      reflexion (~> 0.4.0)
      rexml
      rucy (~> 0.3.13)
      xot (~> 0.3.13)

PATH
  remote: ../../rays
  specs:
    rays (0.3.13)
      rucy (~> 0.3.13)
      xot (~> 0.3.13)

PATH
  remote: ../../reflex
  specs:
    reflexion (0.4.0)
      rays (~> 0.3.13)
      rucy (~> 0.3.13)
      xot (~> 0.3.13)

PATH
  remote: ../../rubysketch
  specs:
    rubysketch (0.8.0)
      beeps (~> 0.3.13)
      processing (~> 1.2.0)
      rays (~> 0.3.13)
      reflexion (~> 0.4.0)
      rucy (~> 0.3.13)
      xot (~> 0.3.13)

PATH
  remote: ../../rucy
  specs:
    rucy (0.3.13)
      xot (~> 0.3.13)

PATH
  remote: ../../xot
  specs:
    xot (0.3.13)

PATH
  remote: ..
  specs:
    reight (0.2.0)
      beeps (~> 0.3.13)
      processing (~> 1.2.0)
      rays (~> 0.3.13)
      reflexion (~> 0.4.0)
      rubysketch (~> 0.8.0)
      rucy (~> 0.3.13)
      xot (~> 0.3.13)

GEM
  remote: https://rubygems.org/
  specs:
    logger (1.7.0)
    rake (13.4.2)
    rexml (3.4.4)
    ruby_wasm (2.9.4-aarch64-linux)
      logger
    ruby_wasm (2.9.4-arm64-darwin)
      logger

PLATFORMS
  aarch64-linux-gnu
  arm64-darwin-23
  arm64-darwin-24

DEPENDENCIES
  beeps!
  processing!
  rake
  rays!
  reflexion!
  reight!
  ruby_wasm (~> 2.9.4)
  rubysketch!
  rucy!
  xot!

BUNDLED WITH
   2.4.20
